
Microsoft Visual Studio Solution File, Format Version 12.00
# Visual Studio Version 16
VisualStudioVersion = 16.0.31205.134
MinimumVisualStudioVersion = 10.0.40219.1
Project("{9A19103F-16F7-4668-BE54-9A1E7A4F7556}") = "RTS.Invoicing.Domain", "RTS.Invoicing.Domain\RTS.Invoicing.Domain.csproj", "{D0D1D8D4-5066-41F3-9886-55B7B90F834C}"
EndProject
Project("{2150E333-8FDC-42A3-9474-1A3956D46DE8}") = "src", "src", "{5583BF90-81B2-4B22-B484-1AC833B72E22}"
EndProject
Project("{2150E333-8FDC-42A3-9474-1A3956D46DE8}") = "docs", "docs", "{EE832ED8-7EF7-4FF2-B499-91E53B5645A6}"
EndProject
Project("{2150E333-8FDC-42A3-9474-1A3956D46DE8}") = "Solution Items", "Solution Items", "{E440F2CE-3703-46C2-8DF8-C8B073BAB749}"
	ProjectSection(SolutionItems) = preProject
		.editorconfig = .editorconfig
		Directory.Build.props = Directory.Build.props
	EndProjectSection
EndProject
Project("{2150E333-8FDC-42A3-9474-1A3956D46DE8}") = "tests", "tests", "{08C65667-236E-4A1D-BFC3-64639F0241BC}"
EndProject
Global
	GlobalSection(SolutionConfigurationPlatforms) = preSolution
		Debug|Any CPU = Debug|Any CPU
		Release|Any CPU = Release|Any CPU
	EndGlobalSection
	GlobalSection(ProjectConfigurationPlatforms) = postSolution
		{D0D1D8D4-5066-41F3-9886-55B7B90F834C}.Debug|Any CPU.ActiveCfg = Debug|Any CPU
		{D0D1D8D4-5066-41F3-9886-55B7B90F834C}.Debug|Any CPU.Build.0 = Debug|Any CPU
		{D0D1D8D4-5066-41F3-9886-55B7B90F834C}.Release|Any CPU.ActiveCfg = Release|Any CPU
		{D0D1D8D4-5066-41F3-9886-55B7B90F834C}.Release|Any CPU.Build.0 = Release|Any CPU
	EndGlobalSection
	GlobalSection(SolutionProperties) = preSolution
		HideSolutionNode = FALSE
	EndGlobalSection
	GlobalSection(NestedProjects) = preSolution
		{D0D1D8D4-5066-41F3-9886-55B7B90F834C} = {5583BF90-81B2-4B22-B484-1AC833B72E22}
	EndGlobalSection
	GlobalSection(ExtensibilityGlobals) = postSolution
		SolutionGuid = {8A6FEA77-0FCB-490D-9A8A-7CBC4B240C9E}
	EndGlobalSection
EndGlobal
